
Microsoft Visual Studio Solution File, Format Version 12.00
# Visual Studio Version 17
VisualStudioVersion = 17.0.32126.317
MinimumVisualStudioVersion = 10.0.40219.1
Project("{FAE04EC0-301F-11D3-BF4B-00C04F79EFBC}") = "GameAssembly", "GameAssembly.csproj", "{C6386ED0-8E45-AFFF-811F-5385177AD9A5}"
EndProject
Project("{FAE04EC0-301F-11D3-BF4B-00C04F79EFBC}") = "Tests", "Tests.csproj", "{97E061A5-9644-56CE-9CFB-85EC5A05BEB3}"
EndProject
Global
	GlobalSection(SolutionConfigurationPlatforms) = preSolution
		Debug|Any CPU = Debug|Any CPU
		Release|Any CPU = Release|Any CPU
	EndGlobalSection
	GlobalSection(ProjectConfigurationPlatforms) = postSolution
		{C6386ED0-8E45-AFFF-811F-5385177AD9A5}.Debug|Any CPU.ActiveCfg = Debug|Any CPU
		{C6386ED0-8E45-AFFF-811F-5385177AD9A5}.Debug|Any CPU.Build.0 = Debug|Any CPU
		{C6386ED0-8E45-AFFF-811F-5385177AD9A5}.Release|Any CPU.ActiveCfg = Release|Any CPU
		{C6386ED0-8E45-AFFF-811F-5385177AD9A5}.Release|Any CPU.Build.0 = Release|Any CPU
		{97E061A5-9644-56CE-9CFB-85EC5A05BEB3}.Debug|Any CPU.ActiveCfg = Debug|Any CPU
		{97E061A5-9644-56CE-9CFB-85EC5A05BEB3}.Debug|Any CPU.Build.0 = Debug|Any CPU
		{97E061A5-9644-56CE-9CFB-85EC5A05BEB3}.Release|Any CPU.ActiveCfg = Release|Any CPU
		{97E061A5-9644-56CE-9CFB-85EC5A05BEB3}.Release|Any CPU.Build.0 = Release|Any CPU
	EndGlobalSection
	GlobalSection(SolutionProperties) = preSolution
		HideSolutionNode = FALSE
	EndGlobalSection
	GlobalSection(ExtensibilityGlobals) = postSolution
		SolutionGuid = {4712F859-271C-44EE-8951-9A7B1B76D6DE}
	EndGlobalSection
EndGlobal
